
Microsoft Visual Studio Solution File, Format Version 12.00
# Visual Studio Version 16
VisualStudioVersion = 16.0.31409.214
MinimumVisualStudioVersion = 10.0.40219.1
Project("{FAE04EC0-301F-11D3-BF4B-00C04F79EFBC}") = "PasswordVerifier_Kata", "PasswordVerifier_Kata\PasswordVerifier_Kata.csproj", "{D1EDA433-EC29-466B-9763-EAA9CBBC6AFE}"
EndProject
Project("{FAE04EC0-301F-11D3-BF4B-00C04F79EFBC}") = "PasswordVerifier_Kata_Test", "PasswordVerifier_Kata_Test\PasswordVerifier_Kata_Test.csproj", "{1D08E70C-F159-42EA-BE25-E0380D3A769D}"
EndProject
Global
	GlobalSection(SolutionConfigurationPlatforms) = preSolution
		Debug|Any CPU = Debug|Any CPU
		Release|Any CPU = Release|Any CPU
	EndGlobalSection
	GlobalSection(ProjectConfigurationPlatforms) = postSolution
		{D1EDA433-EC29-466B-9763-EAA9CBBC6AFE}.Debug|Any CPU.ActiveCfg = Debug|Any CPU
		{D1EDA433-EC29-466B-9763-EAA9CBBC6AFE}.Debug|Any CPU.Build.0 = Debug|Any CPU
		{D1EDA433-EC29-466B-9763-EAA9CBBC6AFE}.Release|Any CPU.ActiveCfg = Release|Any CPU
		{D1EDA433-EC29-466B-9763-EAA9CBBC6AFE}.Release|Any CPU.Build.0 = Release|Any CPU
		{1D08E70C-F159-42EA-BE25-E0380D3A769D}.Debug|Any CPU.ActiveCfg = Debug|Any CPU
		{1D08E70C-F159-42EA-BE25-E0380D3A769D}.Debug|Any CPU.Build.0 = Debug|Any CPU
		{1D08E70C-F159-42EA-BE25-E0380D3A769D}.Release|Any CPU.ActiveCfg = Release|Any CPU
		{1D08E70C-F159-42EA-BE25-E0380D3A769D}.Release|Any CPU.Build.0 = Release|Any CPU
	EndGlobalSection
	GlobalSection(SolutionProperties) = preSolution
		HideSolutionNode = FALSE
	EndGlobalSection
	GlobalSection(ExtensibilityGlobals) = postSolution
		SolutionGuid = {283D9B3B-60B3-4AA2-9F0C-5533F1DC95A8}
	EndGlobalSection
EndGlobal
