
Microsoft Visual Studio Solution File, Format Version 12.00
# Visual Studio Version 16
VisualStudioVersion = 16.0.31409.214
MinimumVisualStudioVersion = 10.0.40219.1
Project("{FAE04EC0-301F-11D3-BF4B-00C04F79EFBC}") = "TestingPractice", "TestingPractice\TestingPractice.csproj", "{35FF9FB0-A468-472F-8FC7-1025679B1DAB}"
EndProject
Project("{FAE04EC0-301F-11D3-BF4B-00C04F79EFBC}") = "TestingPractice_Tests", "TestingPractice_Tests\TestingPractice_Tests.csproj", "{0D3A0A8E-09B1-4A88-896C-EA52A36DDBB2}"
EndProject
Global
	GlobalSection(SolutionConfigurationPlatforms) = preSolution
		Debug|Any CPU = Debug|Any CPU
		Release|Any CPU = Release|Any CPU
	EndGlobalSection
	GlobalSection(ProjectConfigurationPlatforms) = postSolution
		{35FF9FB0-A468-472F-8FC7-1025679B1DAB}.Debug|Any CPU.ActiveCfg = Debug|Any CPU
		{35FF9FB0-A468-472F-8FC7-1025679B1DAB}.Debug|Any CPU.Build.0 = Debug|Any CPU
		{35FF9FB0-A468-472F-8FC7-1025679B1DAB}.Release|Any CPU.ActiveCfg = Release|Any CPU
		{35FF9FB0-A468-472F-8FC7-1025679B1DAB}.Release|Any CPU.Build.0 = Release|Any CPU
		{0D3A0A8E-09B1-4A88-896C-EA52A36DDBB2}.Debug|Any CPU.ActiveCfg = Debug|Any CPU
		{0D3A0A8E-09B1-4A88-896C-EA52A36DDBB2}.Debug|Any CPU.Build.0 = Debug|Any CPU
		{0D3A0A8E-09B1-4A88-896C-EA52A36DDBB2}.Release|Any CPU.ActiveCfg = Release|Any CPU
		{0D3A0A8E-09B1-4A88-896C-EA52A36DDBB2}.Release|Any CPU.Build.0 = Release|Any CPU
	EndGlobalSection
	GlobalSection(SolutionProperties) = preSolution
		HideSolutionNode = FALSE
	EndGlobalSection
	GlobalSection(ExtensibilityGlobals) = postSolution
		SolutionGuid = {E508019B-560F-473A-9598-11728AB6B4B2}
	EndGlobalSection
EndGlobal
