
Microsoft Visual Studio Solution File, Format Version 12.00
# Visual Studio Version 16
VisualStudioVersion = 16.0.31409.214
MinimumVisualStudioVersion = 10.0.40219.1
Project("{FAE04EC0-301F-11D3-BF4B-00C04F79EFBC}") = "Odd_Even_Kata", "Odd_Even_Kata\Odd_Even_Kata.csproj", "{CDBDB9F1-16E5-469E-8061-7D015426E584}"
EndProject
Project("{FAE04EC0-301F-11D3-BF4B-00C04F79EFBC}") = "Odd_Even_Kata_Test", "Odd_Even_Kata_Test\Odd_Even_Kata_Test.csproj", "{4EF44042-687C-4C88-A883-F6D895B748A8}"
EndProject
Global
	GlobalSection(SolutionConfigurationPlatforms) = preSolution
		Debug|Any CPU = Debug|Any CPU
		Release|Any CPU = Release|Any CPU
	EndGlobalSection
	GlobalSection(ProjectConfigurationPlatforms) = postSolution
		{CDBDB9F1-16E5-469E-8061-7D015426E584}.Debug|Any CPU.ActiveCfg = Debug|Any CPU
		{CDBDB9F1-16E5-469E-8061-7D015426E584}.Debug|Any CPU.Build.0 = Debug|Any CPU
		{CDBDB9F1-16E5-469E-8061-7D015426E584}.Release|Any CPU.ActiveCfg = Release|Any CPU
		{CDBDB9F1-16E5-469E-8061-7D015426E584}.Release|Any CPU.Build.0 = Release|Any CPU
		{4EF44042-687C-4C88-A883-F6D895B748A8}.Debug|Any CPU.ActiveCfg = Debug|Any CPU
		{4EF44042-687C-4C88-A883-F6D895B748A8}.Debug|Any CPU.Build.0 = Debug|Any CPU
		{4EF44042-687C-4C88-A883-F6D895B748A8}.Release|Any CPU.ActiveCfg = Release|Any CPU
		{4EF44042-687C-4C88-A883-F6D895B748A8}.Release|Any CPU.Build.0 = Release|Any CPU
	EndGlobalSection
	GlobalSection(SolutionProperties) = preSolution
		HideSolutionNode = FALSE
	EndGlobalSection
	GlobalSection(ExtensibilityGlobals) = postSolution
		SolutionGuid = {C139C71F-7091-4732-8821-888E51DB0778}
	EndGlobalSection
EndGlobal
